# THIS IS AN AUTOGENERATED FILE. DO NOT EDIT THIS FILE DIRECTLY.
# yarn lockfile v1


"@babel/runtime-corejs3@^7.4.5":
  version "7.6.3"
  resolved "https://registry.yarnpkg.com/@babel/runtime-corejs3/-/runtime-corejs3-7.6.3.tgz#a2b2b7ceea6ecb37ff822d293a312f1f00c29b84"
  integrity sha512-933SXHQr7apa95F+3IqkBne8mqOnu1kDh6dnSddC07aW/R51WsOVD7MSczJ6DRpq/L8KLll7TFDxmt30pft44w==
  dependencies:
    core-js-pure "^3.0.0"
    regenerator-runtime "^0.13.2"

axios@^0.19.0:
  version "0.19.0"
  resolved "https://registry.yarnpkg.com/axios/-/axios-0.19.0.tgz#8e09bff3d9122e133f7b8101c8fbdd00ed3d2ab8"
  integrity sha512-1uvKqKQta3KBxIz14F2v06AEHZ/dIoeKfbTRkK1E5oqjDnuEerLmYTgJB5AiQZHJcljpg1TuRzdjDR06qNk0DQ==
  dependencies:
    follow-redirects "1.5.10"
    is-buffer "^2.0.2"

core-js-pure@^3.0.0:
  version "3.3.4"
  resolved "https://registry.yarnpkg.com/core-js-pure/-/core-js-pure-3.3.4.tgz#01d2842f552a866265dc77ededb2ccd668ff2879"
  integrity sha512-hqxt6XpR4zIMNUY920oNyAtwaq4yg8IScmXumnfyRWF9+ur7wtjr/4eCdfTJzY64jmi8WRCwIqNBKzYeOKdvnw==

core-js@3:
  version "3.3.4"
  resolved "https://registry.yarnpkg.com/core-js/-/core-js-3.3.4.tgz#6b0a23392958317bfb46e40b090529a923add669"
  integrity sha512-BtibooaAmSOptGLRccsuX/dqgPtXwNgqcvYA6kOTTMzonRxZ+pJS4e+6mvVutESfXMeTnK8m3M+aBu3bkJbR+w==

debug@=3.1.0:
  version "3.1.0"
  resolved "https://registry.yarnpkg.com/debug/-/debug-3.1.0.tgz#5bb5a0672628b64149566ba16819e61518c67261"
  integrity sha512-OX8XqP7/1a9cqkxYw2yXss15f26NKWBpDXQd0/uK/KPqdQhxbPa994hnzjcE2VqQpDslf55723cKPUOGSmMY3g==
  dependencies:
    ms "2.0.0"

encoding@^0.1.11:
  version "0.1.12"
  resolved "https://registry.yarnpkg.com/encoding/-/encoding-0.1.12.tgz#538b66f3ee62cd1ab51ec323829d1f9480c74beb"
  integrity sha1-U4tm8+5izRq1HsMjgp0flIDHS+s=
  dependencies:
    iconv-lite "~0.4.13"

follow-redirects@1.5.10:
  version "1.5.10"
  resolved "https://registry.yarnpkg.com/follow-redirects/-/follow-redirects-1.5.10.tgz#7b7a9f9aea2fdff36786a94ff643ed07f4ff5e2a"
  integrity sha512-0V5l4Cizzvqt5D44aTXbFZz+FtyXV1vrDN6qrelxtfYQKW0KO0W2T/hkE8xvGa/540LkZlkaUjO4ailYTFtHVQ==
  dependencies:
    debug "=3.1.0"

iconv-lite@~0.4.13:
  version "0.4.24"
  resolved "https://registry.yarnpkg.com/iconv-lite/-/iconv-lite-0.4.24.tgz#2022b4b25fbddc21d2f524974a474aafe733908b"
  integrity sha512-v3MXnZAcvnywkTUEZomIActle7RXXeedOR31wwl7VlyoXO4Qi9arvSenNQWne1TcRwhCL1HwLI21bEqdpj8/rA==
  dependencies:
    safer-buffer ">= 2.1.2 < 3"

is-buffer@^2.0.2:
  version "2.0.4"
  resolved "https://registry.yarnpkg.com/is-buffer/-/is-buffer-2.0.4.tgz#3e572f23c8411a5cfd9557c849e3665e0b290623"
  integrity sha512-Kq1rokWXOPXWuaMAqZiJW4XxsmD9zGx9q4aePabbn3qCRGedtH7Cm+zV8WETitMfu1wdh+Rvd6w5egwSngUX2A==

is-stream@^1.0.1:
  version "1.1.0"
  resolved "https://registry.yarnpkg.com/is-stream/-/is-stream-1.1.0.tgz#12d4a3dd4e68e0b79ceb8dbc84173ae80d91ca44"
  integrity sha1-EtSj3U5o4Lec6428hBc66A2RykQ=

isomorphic-fetch@^2.2.1:
  version "2.2.1"
  resolved "https://registry.yarnpkg.com/isomorphic-fetch/-/isomorphic-fetch-2.2.1.tgz#611ae1acf14f5e81f729507472819fe9733558a9"
  integrity sha1-YRrhrPFPXoH3KVB0coGf6XM1WKk=
  dependencies:
    node-fetch "^1.0.1"
    whatwg-fetch ">=0.10.0"

lodash.get@^4.4.2:
  version "4.4.2"
  resolved "https://registry.yarnpkg.com/lodash.get/-/lodash.get-4.4.2.tgz#2d177f652fa31e939b4438d5341499dfa3825e99"
  integrity sha1-LRd/ZS+jHpObRDjVNBSZ36OCXpk=

ms@2.0.0:
  version "2.0.0"
  resolved "https://registry.yarnpkg.com/ms/-/ms-2.0.0.tgz#5608aeadfc00be6c2901df5f9861788de0d597c8"
  integrity sha1-VgiurfwAvmwpAd9fmGF4jeDVl8g=

node-fetch@^1.0.1:
  version "1.7.3"
  resolved "https://registry.yarnpkg.com/node-fetch/-/node-fetch-1.7.3.tgz#980f6f72d85211a5347c6b2bc18c5b84c3eb47ef"
  integrity sha512-NhZ4CsKx7cYm2vSrBAr2PvFOe6sWDf0UYLRqA6svUYg7+/TSfVAu49jYC4BvQ4Sms9SZgdqGBgroqfDhJdTyKQ==
  dependencies:
    encoding "^0.1.11"
    is-stream "^1.0.1"

qs@^6.5.2:
  version "6.7.0"
  resolved "https://registry.yarnpkg.com/qs/-/qs-6.7.0.tgz#41dc1a015e3d581f1621776be31afb2876a9b1bc"
  integrity sha512-VCdBRNFTX1fyE7Nb6FYoURo/SPe62QCaAyzJvUjwRaIsc+NePBEniHlvxFmmX56+HZphIGtV0XeCirBtpDrTyQ==

regenerator-runtime@^0.13.2:
  version "0.13.2"
  resolved "https://registry.yarnpkg.com/regenerator-runtime/-/regenerator-runtime-0.13.2.tgz#32e59c9a6fb9b1a4aff09b4930ca2d4477343447"
  integrity sha512-S/TQAZJO+D3m9xeN1WTI8dLKBBiRgXBlTJvbWjCThHWZj9EvHK70Ff50/tYj2J/fvBY6JtFVwRuazHN2E7M9BA==

"safer-buffer@>= 2.1.2 < 3":
  version "2.1.2"
  resolved "https://registry.yarnpkg.com/safer-buffer/-/safer-buffer-2.1.2.tgz#44fa161b0187b9549dd84bb91802f9bd8385cd6a"
  integrity sha512-YZo3K82SD7Riyi0E1EQPojLz7kpepnSQI9IyPbHHg1XXXevb5dJI7tpyN2ADxGcQbHG7vcyRHk0cbwqcQriUtg==

storyblok-js-client@2.0.10:
  version "2.0.10"
  resolved "https://registry.yarnpkg.com/storyblok-js-client/-/storyblok-js-client-2.0.10.tgz#f06b371184bf5f3fce468e9f4230fcd5568b0557"
  integrity sha512-C0xQHWgoA41XhtJadUBnS5TngUnJCmzk2i1UKTmaoVTeDul0dFOAz6z+TMgGXpSamfZV3xG3sR7Tgg9+XpoN7g==
  dependencies:
    "@babel/runtime-corejs3" "^7.4.5"
    axios "^0.19.0"
    qs "^6.5.2"

storyblok-vue@^1.0.5:
  version "1.0.5"
  resolved "https://registry.yarnpkg.com/storyblok-vue/-/storyblok-vue-1.0.5.tgz#c9a82cc5be45c9c5af7d48477e69e207d60b5f38"
  integrity sha512-xWnI7CY7DN+NBbG5PvdJ7cEDCjMSroIvppBfSYiM3HePoXiZSJ8X/CaLezJct2OxtchsArpbY/ZxghBseZCqtQ==

vuex@^3.1.0:
  version "3.1.0"
  resolved "https://registry.yarnpkg.com/vuex/-/vuex-3.1.0.tgz#634b81515cf0cfe976bd1ffe9601755e51f843b9"
  integrity sha512-mdHeHT/7u4BncpUZMlxNaIdcN/HIt1GsGG5LKByArvYG/v6DvHcOxvDCts+7SRdCoIRGllK8IMZvQtQXLppDYg==

whatwg-fetch@>=0.10.0:
  version "3.0.0"
  resolved "https://registry.yarnpkg.com/whatwg-fetch/-/whatwg-fetch-3.0.0.tgz#fc804e458cc460009b1a2b966bc8817d2578aefb"
  integrity sha512-9GSJUgz1D4MfyKU7KRqwOjXCXTqWdFNvEr7eUBYchQiVc744mqK/MzXPNR2WsPkmkOa4ywfg8C2n8h+13Bey1Q==
